{
  "name": "lion-edge-form-registration-issue",
  "version": "0.0.0",
  "lockfileVersion": 1,
  "requires": true,
  "dependencies": {
    "@bundled-es-modules/message-format": {
      "version": "6.0.4",
      "resolved": "https://artifactory.ing.net/artifactory/api/npm/releases_npm_all/@bundled-es-modules/message-format/-/message-format-6.0.4.tgz",
      "integrity": "sha1-Iy2mh3rblg9sj1mMcliKhDUt4Uc="
    },
    "@lion/choice-input": {
      "version": "0.1.13",
      "resolved": "https://artifactory.ing.net/artifactory/api/npm/releases_npm_all/@lion/choice-input/-/choice-input-0.1.13.tgz",
      "integrity": "sha1-zuoY5t9cGPTqemFvGo2zKCbfiI8=",
      "requires": {
        "@lion/core": "^0.1.8",
        "@lion/field": "^0.1.13"
      }
    },
    "@lion/core": {
      "version": "0.1.8",
      "resolved": "https://artifactory.ing.net/artifactory/api/npm/releases_npm_all/@lion/core/-/core-0.1.8.tgz",
      "integrity": "sha1-a78wzHQ+6TXoV+b2soj2pbY7UJk=",
      "requires": {
        "lit-element": "~2.1.0",
        "lit-html": "^1.0.0"
      }
    },
    "@lion/field": {
      "version": "0.1.13",
      "resolved": "https://artifactory.ing.net/artifactory/api/npm/releases_npm_all/@lion/field/-/field-0.1.13.tgz",
      "integrity": "sha1-uiGU4lCuOjh+WbngRBR0SlBN9uY=",
      "requires": {
        "@lion/core": "^0.1.8",
        "@lion/validate": "^0.2.4"
      }
    },
    "@lion/fieldset": {
      "version": "0.1.13",
      "resolved": "https://artifactory.ing.net/artifactory/api/npm/releases_npm_all/@lion/fieldset/-/fieldset-0.1.13.tgz",
      "integrity": "sha1-07x8AVuZUgbVl1i7A//WV7UiIgk=",
      "requires": {
        "@lion/core": "^0.1.8",
        "@lion/field": "^0.1.13",
        "@lion/validate": "^0.2.4"
      }
    },
    "@lion/form": {
      "version": "0.1.15",
      "resolved": "https://artifactory.ing.net/artifactory/api/npm/releases_npm_all/@lion/form/-/form-0.1.15.tgz",
      "integrity": "sha1-ZjFpPEaVNl6VzTFrBBBdti1OvC8=",
      "requires": {
        "@lion/core": "^0.1.8",
        "@lion/fieldset": "^0.1.13"
      }
    },
    "@lion/input": {
      "version": "0.1.13",
      "resolved": "https://artifactory.ing.net/artifactory/api/npm/releases_npm_all/@lion/input/-/input-0.1.13.tgz",
      "integrity": "sha1-9OaM4SwL7OTJHnyOktPJESSM1r4=",
      "requires": {
        "@lion/core": "^0.1.8",
        "@lion/field": "^0.1.13"
      }
    },
    "@lion/localize": {
      "version": "0.3.4",
      "resolved": "https://artifactory.ing.net/artifactory/api/npm/releases_npm_all/@lion/localize/-/localize-0.3.4.tgz",
      "integrity": "sha1-ZLA20cTNDWCyrTcBRoPXgWxxfzg=",
      "requires": {
        "@bundled-es-modules/message-format": "6.0.4",
        "@lion/core": "^0.1.8"
      }
    },
    "@lion/radio": {
      "version": "0.1.13",
      "resolved": "https://artifactory.ing.net/artifactory/api/npm/releases_npm_all/@lion/radio/-/radio-0.1.13.tgz",
      "integrity": "sha1-cDxnTjCAvHNPbXzQaE07I2wpDnA=",
      "requires": {
        "@lion/choice-input": "^0.1.13",
        "@lion/core": "^0.1.8",
        "@lion/input": "^0.1.13"
      }
    },
    "@lion/radio-group": {
      "version": "0.1.15",
      "resolved": "https://artifactory.ing.net/artifactory/api/npm/releases_npm_all/@lion/radio-group/-/radio-group-0.1.15.tgz",
      "integrity": "sha1-9jZnMAj7jAbTbDbHQdk61vR8cv4=",
      "requires": {
        "@lion/core": "^0.1.8",
        "@lion/fieldset": "^0.1.13"
      }
    },
    "@lion/validate": {
      "version": "0.2.4",
      "resolved": "https://artifactory.ing.net/artifactory/api/npm/releases_npm_all/@lion/validate/-/validate-0.2.4.tgz",
      "integrity": "sha1-Op9jJ5zhwdgtjDmTjLFqCX3yONE=",
      "requires": {
        "@lion/core": "^0.1.8",
        "@lion/localize": "^0.3.4"
      }
    },
    "@webcomponents/webcomponentsjs": {
      "version": "2.2.10",
      "resolved": "https://artifactory.ing.net/artifactory/api/npm/releases_npm_all/@webcomponents/webcomponentsjs/-/webcomponentsjs-2.2.10.tgz",
      "integrity": "sha1-b2vuAneDOumNfltG8eD9tIzV/0Q="
    },
    "lit-element": {
      "version": "2.1.0",
      "resolved": "https://artifactory.ing.net/artifactory/api/npm/releases_npm_all/lit-element/-/lit-element-2.1.0.tgz",
      "integrity": "sha1-hbw/HaAif0sT3oob6Xgim5+jJ+k=",
      "requires": {
        "lit-html": "^1.0.0"
      }
    },
    "lit-html": {
      "version": "1.1.0",
      "resolved": "https://artifactory.ing.net/artifactory/api/npm/releases_npm_all/lit-html/-/lit-html-1.1.0.tgz",
      "integrity": "sha1-aVH7cX+0j+NNkVrhY0SKBNoyFWI="
    }
  }
}
