{
  "name": "lion-edge-form-registration-issue",
  "version": "0.0.0",
  "lockfileVersion": 1,
  "requires": true,
  "dependencies": {
    "@babel/polyfill": {
      "version": "7.4.4",
      "resolved": "https://registry.npmjs.org/@babel/polyfill/-/polyfill-7.4.4.tgz",
      "integrity": "sha512-WlthFLfhQQhh+A2Gn5NSFl0Huxz36x86Jn+E9OW7ibK8edKPq+KLy4apM1yDpQ8kJOVi1OVjpP4vSDLdrI04dg==",
      "requires": {
        "core-js": "^2.6.5",
        "regenerator-runtime": "^0.13.2"
      }
    },
    "@bundled-es-modules/message-format": {
      "version": "6.0.4",
      "resolved": "https://registry.npmjs.org/@bundled-es-modules/message-format/-/message-format-6.0.4.tgz",
      "integrity": "sha512-NGUoPxqsBzDwvRhY3A3L/AhS1hzS9OWappfyDOyCwE7G3W4ua28gau7QwvJz7QzA6ArbAdeb8c1mLjvd1WUFAA=="
    },
    "@lion/choice-input": {
      "version": "0.1.15",
      "resolved": "https://registry.npmjs.org/@lion/choice-input/-/choice-input-0.1.15.tgz",
      "integrity": "sha512-6FGclBzrf+ycK09UfldSYfBEZGwpjGh7z1ZL/Qw8LvCos1T444fDLN7VtelcSGolLC82SjIjA+liAs5u1eutOQ==",
      "requires": {
        "@lion/core": "^0.1.9",
        "@lion/field": "^0.1.15"
      }
    },
    "@lion/core": {
      "version": "0.1.9",
      "resolved": "https://registry.npmjs.org/@lion/core/-/core-0.1.9.tgz",
      "integrity": "sha512-pZh5GglQDfA91pZ47K2kP1itcfnCXX5EeVBrFN/JpLDUXSHxMYmvDIUslrwsfcAKT0TRrcQvW40JpKa/jSh4rw==",
      "requires": {
        "lit-element": "~2.1.0",
        "lit-html": "^1.0.0"
      }
    },
    "@lion/field": {
      "version": "0.1.15",
      "resolved": "https://registry.npmjs.org/@lion/field/-/field-0.1.15.tgz",
      "integrity": "sha512-x12NPjRziwltcoiACdocLh2tDq+j6+Z2WVoT9h8x3t3J/yZf2iEM9XqgPfRKp9RpOLAUqoBH6Slyjgc/VvvmoQ==",
      "requires": {
        "@lion/core": "^0.1.9",
        "@lion/validate": "^0.2.5"
      }
    },
    "@lion/fieldset": {
      "version": "0.1.15",
      "resolved": "https://registry.npmjs.org/@lion/fieldset/-/fieldset-0.1.15.tgz",
      "integrity": "sha512-eXgYEfa2XTaCF4diRQMVHjcJNIoX1kAmCQ+/wKJwpVBjtBXYBZMN63Jc4BDlMAEkv4KPtqXVfRWg4BLQc4QHpA==",
      "requires": {
        "@lion/core": "^0.1.9",
        "@lion/field": "^0.1.15",
        "@lion/validate": "^0.2.5"
      }
    },
    "@lion/form": {
      "version": "0.1.17",
      "resolved": "https://registry.npmjs.org/@lion/form/-/form-0.1.17.tgz",
      "integrity": "sha512-WucMswtzBsk02Ij9rsH0ZVcvVpX/E8rKNrvIdxLkImQgKjKF8/d/LZArS4i4ZND6v3g1EWqUsfhK1EedtY8GmA==",
      "requires": {
        "@lion/core": "^0.1.9",
        "@lion/fieldset": "^0.1.15"
      }
    },
    "@lion/input": {
      "version": "0.1.15",
      "resolved": "https://registry.npmjs.org/@lion/input/-/input-0.1.15.tgz",
      "integrity": "sha512-SjqmPLHgzqhbdGi9+bqacE3nUqV8NsZ1doomvCWogm6DOqCwkiA99NpoQwU5maapkOwUM4Z5qR7J7KfgiljXjg==",
      "requires": {
        "@lion/core": "^0.1.9",
        "@lion/field": "^0.1.15"
      }
    },
    "@lion/localize": {
      "version": "0.3.5",
      "resolved": "https://registry.npmjs.org/@lion/localize/-/localize-0.3.5.tgz",
      "integrity": "sha512-mPr6YICbmAn1Bg7sZ2PSHlnuO1v/UUXAH7DXcdVFPOoqLB5RuoYmH/kK7WTva0mpb3YKqJzmfRmr9WmPEkwg4w==",
      "requires": {
        "@bundled-es-modules/message-format": "6.0.4",
        "@lion/core": "^0.1.9"
      }
    },
    "@lion/radio": {
      "version": "0.1.15",
      "resolved": "https://registry.npmjs.org/@lion/radio/-/radio-0.1.15.tgz",
      "integrity": "sha512-wy/qbFRlbx8mQhqH1NIH9cEKqVX/nzgvFxjcCFygC65uEK592NB5hDx/Ha9v4lUS70A39O0e1ygQ8fhbzdacEg==",
      "requires": {
        "@lion/choice-input": "^0.1.15",
        "@lion/core": "^0.1.9",
        "@lion/input": "^0.1.15"
      }
    },
    "@lion/radio-group": {
      "version": "0.1.17",
      "resolved": "https://registry.npmjs.org/@lion/radio-group/-/radio-group-0.1.17.tgz",
      "integrity": "sha512-usXStws3rTX56gsu6uWH6sPpDq2W3Om8Qo7s847CyMrZTJQoLs5DGOf22jZrbq5SwPwA8v5y15m8u4AzCJkKJw==",
      "requires": {
        "@lion/core": "^0.1.9",
        "@lion/fieldset": "^0.1.15"
      }
    },
    "@lion/validate": {
      "version": "0.2.5",
      "resolved": "https://registry.npmjs.org/@lion/validate/-/validate-0.2.5.tgz",
      "integrity": "sha512-nxTg6cJEDxIrHL4E2pD8vA5S66YcLfuAvB3eYL0hyRwthCvCk4WIO/dOyF+JImIfWp8uYBVQfW+xYfouwGqpUw==",
      "requires": {
        "@lion/core": "^0.1.9",
        "@lion/localize": "^0.3.5"
      }
    },
    "@webcomponents/webcomponentsjs": {
      "version": "2.2.10",
      "resolved": "https://registry.npmjs.org/@webcomponents/webcomponentsjs/-/webcomponentsjs-2.2.10.tgz",
      "integrity": "sha512-5dzhUhP+h0qMiK0IWb7VNb0OGBoXO3AuI6Qi8t9PoKT50s5L1jv0xnwnLq+cFgPuTB8FLTNP8xIDmyoOsKBy9Q=="
    },
    "core-js": {
      "version": "2.6.9",
      "resolved": "https://registry.npmjs.org/core-js/-/core-js-2.6.9.tgz",
      "integrity": "sha512-HOpZf6eXmnl7la+cUdMnLvUxKNqLUzJvgIziQ0DiF3JwSImNphIqdGqzj6hIKyX04MmV0poclQ7+wjWvxQyR2A=="
    },
    "lit-element": {
      "version": "2.1.0",
      "resolved": "https://registry.npmjs.org/lit-element/-/lit-element-2.1.0.tgz",
      "integrity": "sha512-0z/KHm1xZweivfOVRr8AKR06+D3k02u15m9s4jkuRdnGe5wfmEwePzrQQBsSZNILdnfJvfo3TJOeGhBCVZaPbw==",
      "requires": {
        "lit-html": "^1.0.0"
      }
    },
    "lit-html": {
      "version": "1.1.0",
      "resolved": "https://registry.npmjs.org/lit-html/-/lit-html-1.1.0.tgz",
      "integrity": "sha512-ZDJHpJi09yknMpjwPI8fuSl5sUG7+pF+eE5WciFtgyX7zebvgMDBgSLq4knXa7grxM00RkQ7PBd7UZQiruA78Q=="
    },
    "regenerator-runtime": {
      "version": "0.13.2",
      "resolved": "https://registry.npmjs.org/regenerator-runtime/-/regenerator-runtime-0.13.2.tgz",
      "integrity": "sha512-S/TQAZJO+D3m9xeN1WTI8dLKBBiRgXBlTJvbWjCThHWZj9EvHK70Ff50/tYj2J/fvBY6JtFVwRuazHN2E7M9BA=="
    }
  }
}
